version = 1
revision = 3
requires-python = ">=3.8"

[[package]]
name = "argcomplete"
version = "3.6.3"
source = { registry = "https://pypi.org/simple" }
sdist = { url = "https://files.pythonhosted.org/packages/38/61/0b9ae6399dd4a58d8c1b1dc5a27d6f2808023d0b5dd3104bb99f45a33ff6/argcomplete-3.6.3.tar.gz", hash = "sha256:62e8ed4fd6a45864acc8235409461b72c9a28ee785a2011cc5eb78318786c89c", size = 73754, upload-time = "2025-10-20T03:33:34.741Z" }
wheels = [
    { url = "https://files.pythonhosted.org/packages/74/f5/9373290775639cb67a2fce7f629a1c240dce9f12fe927bc32b2736e16dfc/argcomplete-3.6.3-py3-none-any.whl", hash = "sha256:f5007b3a600ccac5d25bbce33089211dfd49eab4a7718da3f10e3082525a92ce", size = 43846, upload-time = "2025-10-20T03:33:33.021Z" },
]

[[package]]
name = "argparse"
version = "1.4.0"
source = { registry = "https://pypi.org/simple" }
sdist = { url = "https://files.pythonhosted.org/packages/18/dd/e617cfc3f6210ae183374cd9f6a26b20514bbb5a792af97949c5aacddf0f/argparse-1.4.0.tar.gz", hash = "sha256:62b089a55be1d8949cd2bc7e0df0bddb9e028faefc8c32038cc84862aefdd6e4", size = 70508, upload-time = "2015-09-12T20:22:16.217Z" }
wheels = [
    { url = "https://files.pythonhosted.org/packages/f2/94/3af39d34be01a24a6e65433d19e107099374224905f1e0cc6bbe1fd22a2f/argparse-1.4.0-py2.py3-none-any.whl", hash = "sha256:c31647edb69fd3d465a847ea3157d37bed1f95f19760b11a47aa91c04b666314", size = 23000, upload-time = "2015-09-14T16:03:16.137Z" },
]

[[package]]
name = "colorama"
version = "0.4.6"
source = { registry = "https://pypi.org/simple" }
sdist = { url = "https://files.pythonhosted.org/packages/d8/53/6f443c9a4a8358a93a6792e2acffb9d9d5cb0a5cfd8802644b7b1c9a02e4/colorama-0.4.6.tar.gz", hash = "sha256:08695f5cb7ed6e0531a20572697297273c47b8cae5a63ffc6d6ed5c201be6e44", size = 27697, upload-time = "2022-10-25T02:36:22.414Z" }
wheels = [
    { url = "https://files.pythonhosted.org/packages/d1/d6/3965ed04c63042e047cb6a3e6ed1a63a35087b6a609aa3a15ed8ac56c221/colorama-0.4.6-py2.py3-none-any.whl", hash = "sha256:4f1d9991f5acc0ca119f9d443620b77f9d6b33703e51011c16baf57afb285fc6", size = 25335, upload-time = "2022-10-25T02:36:20.889Z" },
]

[[package]]
name = "exifread"
version = "3.0.0"
source = { registry = "https://pypi.org/simple" }
sdist = { url = "https://files.pythonhosted.org/packages/20/64/e8f40966ca766173fe57cc4de7d35492cf18949ced8b612924d48fa1d297/ExifRead-3.0.0.tar.gz", hash = "sha256:0ac5a364169dbdf2bd62f94f5c073970ab6694a3166177f5e448b10c943e2ca4", size = 39895, upload-time = "2022-05-08T17:15:56.122Z" }
wheels = [
    { url = "https://files.pythonhosted.org/packages/db/d6/189b0016ae8995ad94cd6e2573baf0c289ff862996821d4e42eb6a0206e3/ExifRead-3.0.0-py3-none-any.whl", hash = "sha256:2c5c59ef03b3bbee75b82b82d2498006b3c13509f35c9a76c7552faff73fa2d5", size = 40428, upload-time = "2022-05-08T18:39:38.175Z" },
]

[[package]]
name = "photos-cli"
version = "0.2.0"
source = { editable = "." }
dependencies = [
    { name = "argcomplete" },
    { name = "argparse" },
    { name = "exifread" },
    { name = "piexif" },
    { name = "tqdm" },
]

[package.metadata]
requires-dist = [
    { name = "argcomplete", specifier = ">=3.5.3" },
    { name = "argparse", specifier = "~=1.4.0" },
    { name = "exifread", specifier = "~=3.0.0" },
    { name = "piexif", specifier = ">=1.1.3" },
    { name = "tqdm", specifier = "~=4.66.1" },
]

[[package]]
name = "piexif"
version = "1.1.3"
source = { registry = "https://pypi.org/simple" }
sdist = { url = "https://files.pythonhosted.org/packages/fa/84/a3f25cec7d0922bf60be8000c9739d28d24b6896717f44cc4cfb843b1487/piexif-1.1.3.zip", hash = "sha256:83cb35c606bf3a1ea1a8f0a25cb42cf17e24353fd82e87ae3884e74a302a5f1b", size = 1011134, upload-time = "2019-07-01T15:29:23.045Z" }
wheels = [
    { url = "https://files.pythonhosted.org/packages/2c/d8/6f63147dd73373d051c5eb049ecd841207f898f50a5a1d4378594178f6cf/piexif-1.1.3-py2.py3-none-any.whl", hash = "sha256:3bc435d171720150b81b15d27e05e54b8abbde7b4242cddd81ef160d283108b6", size = 20691, upload-time = "2019-07-01T15:43:20.907Z" },
]

[[package]]
name = "tqdm"
version = "4.66.6"
source = { registry = "https://pypi.org/simple" }
dependencies = [
    { name = "colorama", marker = "sys_platform == 'win32'" },
]
sdist = { url = "https://files.pythonhosted.org/packages/e9/34/bef135b27fe1864993a5284ad001157ee9b5538e859ac90f5b0e8cc8c9ec/tqdm-4.66.6.tar.gz", hash = "sha256:4bdd694238bef1485ce839d67967ab50af8f9272aab687c0d7702a01da0be090", size = 169533, upload-time = "2024-10-28T12:49:58.611Z" }
wheels = [
    { url = "https://files.pythonhosted.org/packages/41/73/02342de9c2d20922115f787e101527b831c0cffd2105c946c4a4826bcfd4/tqdm-4.66.6-py3-none-any.whl", hash = "sha256:223e8b5359c2efc4b30555531f09e9f2f3589bcd7fdd389271191031b49b7a63", size = 78326, upload-time = "2024-10-28T12:49:56.931Z" },
]
